// !$*UTF8*$!
{
	archiveVersion = 1;
	classes = {
	};
	objectVersion = 50;
	objects = {

/* Begin PBXBuildFile section */
		006391CC3CBA0CF7F854B02F /* Pods_FakeSnapChat.framework in Frameworks */ = {isa = PBXBuildFile; fileRef = 107FB9F3C3DFB28BD29C686D /* Pods_FakeSnapChat.framework */; };
		12B68E7020F00354004DD4CF /* GoogleService-Info.plist in Resources */ = {isa = PBXBuildFile; fileRef = 12B68E6F20F00353004DD4CF /* GoogleService-Info.plist */; };
		12BF974120F0139B003A5510 /* SnapsViewController.swift in Sources */ = {isa = PBXBuildFile; fileRef = 12BF974020F0139B003A5510 /* SnapsViewController.swift */; };
		12BF974320F0417C003A5510 /* PhotoViewController.swift in Sources */ = {isa = PBXBuildFile; fileRef = 12BF974220F0417C003A5510 /* PhotoViewController.swift */; };
		12BF974720F29FFE003A5510 /* SelectUserViewController.swift in Sources */ = {isa = PBXBuildFile; fileRef = 12BF974620F29FFE003A5510 /* SelectUserViewController.swift */; };
		12BF974920F2BA34003A5510 /* User.swift in Sources */ = {isa = PBXBuildFile; fileRef = 12BF974820F2BA34003A5510 /* User.swift */; };
		12FD3A3420ED79C500FB0B55 /* AppDelegate.swift in Sources */ = {isa = PBXBuildFile; fileRef = 12FD3A3320ED79C500FB0B55 /* AppDelegate.swift */; };
		12FD3A3620ED79C500FB0B55 /* SignInViewController.swift in Sources */ = {isa = PBXBuildFile; fileRef = 12FD3A3520ED79C500FB0B55 /* SignInViewController.swift */; };
		12FD3A3920ED79C500FB0B55 /* Main.storyboard in Resources */ = {isa = PBXBuildFile; fileRef = 12FD3A3720ED79C500FB0B55 /* Main.storyboard */; };
		12FD3A3C20ED79C500FB0B55 /* FakeSnapChat.xcdatamodeld in Sources */ = {isa = PBXBuildFile; fileRef = 12FD3A3A20ED79C500FB0B55 /* FakeSnapChat.xcdatamodeld */; };
		12FD3A3E20ED79C600FB0B55 /* Assets.xcassets in Resources */ = {isa = PBXBuildFile; fileRef = 12FD3A3D20ED79C600FB0B55 /* Assets.xcassets */; };
		12FD3A4120ED79C600FB0B55 /* LaunchScreen.storyboard in Resources */ = {isa = PBXBuildFile; fileRef = 12FD3A3F20ED79C600FB0B55 /* LaunchScreen.storyboard */; };
		12FD3A4C20ED79C600FB0B55 /* FakeSnapChatTests.swift in Sources */ = {isa = PBXBuildFile; fileRef = 12FD3A4B20ED79C600FB0B55 /* FakeSnapChatTests.swift */; };
		12FD3A5720ED79C600FB0B55 /* FakeSnapChatUITests.swift in Sources */ = {isa = PBXBuildFile; fileRef = 12FD3A5620ED79C600FB0B55 /* FakeSnapChatUITests.swift */; };
		B8220AC47D48F178C947E1C9 /* Pods_FakeSnapChatUITests.framework in Frameworks */ = {isa = PBXBuildFile; fileRef = 68D835FCA5689270B4E8EF88 /* Pods_FakeSnapChatUITests.framework */; };
		DA171BB76B52F0BE4AF6E04C /* Pods_FakeSnapChatTests.framework in Frameworks */ = {isa = PBXBuildFile; fileRef = 3DB32A2A142D60B5E0D10B48 /* Pods_FakeSnapChatTests.framework */; };
/* End PBXBuildFile section */

/* Begin PBXContainerItemProxy section */
		12FD3A4820ED79C600FB0B55 /* PBXContainerItemProxy */ = {
			isa = PBXContainerItemProxy;
			containerPortal = 12FD3A2820ED79C500FB0B55 /* Project object */;
			proxyType = 1;
			remoteGlobalIDString = 12FD3A2F20ED79C500FB0B55;
			remoteInfo = FakeSnapChat;
		};
		12FD3A5320ED79C600FB0B55 /* PBXContainerItemProxy */ = {
			isa = PBXContainerItemProxy;
			containerPortal = 12FD3A2820ED79C500FB0B55 /* Project object */;
			proxyType = 1;
			remoteGlobalIDString = 12FD3A2F20ED79C500FB0B55;
			remoteInfo = FakeSnapChat;
		};
/* End PBXContainerItemProxy section */

/* Begin PBXFileReference section */
		05E5D8E4D5A8FE2A609A76DE /* Pods-FakeSnapChatTests.release.xcconfig */ = {isa = PBXFileReference; includeInIndex = 1; lastKnownFileType = text.xcconfig; name = "Pods-FakeSnapChatTests.release.xcconfig"; path = "Pods/Target Support Files/Pods-FakeSnapChatTests/Pods-FakeSnapChatTests.release.xcconfig"; sourceTree = "<group>"; };
		107FB9F3C3DFB28BD29C686D /* Pods_FakeSnapChat.framework */ = {isa = PBXFileReference; explicitFileType = wrapper.framework; includeInIndex = 0; path = Pods_FakeSnapChat.framework; sourceTree = BUILT_PRODUCTS_DIR; };
		12B68E6F20F00353004DD4CF /* GoogleService-Info.plist */ = {isa = PBXFileReference; fileEncoding = 4; lastKnownFileType = text.plist.xml; path = "GoogleService-Info.plist"; sourceTree = "<group>"; };
		12BF974020F0139B003A5510 /* SnapsViewController.swift */ = {isa = PBXFileReference; lastKnownFileType = sourcecode.swift; path = SnapsViewController.swift; sourceTree = "<group>"; };
		12BF974220F0417C003A5510 /* PhotoViewController.swift */ = {isa = PBXFileReference; lastKnownFileType = sourcecode.swift; path = PhotoViewController.swift; sourceTree = "<group>"; };
		12BF974620F29FFE003A5510 /* SelectUserViewController.swift */ = {isa = PBXFileReference; lastKnownFileType = sourcecode.swift; path = SelectUserViewController.swift; sourceTree = "<group>"; };
		12BF974820F2BA34003A5510 /* User.swift */ = {isa = PBXFileReference; lastKnownFileType = sourcecode.swift; path = User.swift; sourceTree = "<group>"; };
		12FD3A3020ED79C500FB0B55 /* FakeSnapChat.app */ = {isa = PBXFileReference; explicitFileType = wrapper.application; includeInIndex = 0; path = FakeSnapChat.app; sourceTree = BUILT_PRODUCTS_DIR; };
		12FD3A3320ED79C500FB0B55 /* AppDelegate.swift */ = {isa = PBXFileReference; lastKnownFileType = sourcecode.swift; path = AppDelegate.swift; sourceTree = "<group>"; };
		12FD3A3520ED79C500FB0B55 /* SignInViewController.swift */ = {isa = PBXFileReference; lastKnownFileType = sourcecode.swift; path = SignInViewController.swift; sourceTree = "<group>"; };
		12FD3A3820ED79C500FB0B55 /* Base */ = {isa = PBXFileReference; lastKnownFileType = file.storyboard; name = Base; path = Base.lproj/Main.storyboard; sourceTree = "<group>"; };
		12FD3A3B20ED79C500FB0B55 /* FakeSnapChat.xcdatamodel */ = {isa = PBXFileReference; lastKnownFileType = wrapper.xcdatamodel; path = FakeSnapChat.xcdatamodel; sourceTree = "<group>"; };
		12FD3A3D20ED79C600FB0B55 /* Assets.xcassets */ = {isa = PBXFileReference; lastKnownFileType = folder.assetcatalog; path = Assets.xcassets; sourceTree = "<group>"; };
		12FD3A4020ED79C600FB0B55 /* Base */ = {isa = PBXFileReference; lastKnownFileType = file.storyboard; name = Base; path = Base.lproj/LaunchScreen.storyboard; sourceTree = "<group>"; };
		12FD3A4220ED79C600FB0B55 /* Info.plist */ = {isa = PBXFileReference; lastKnownFileType = text.plist.xml; path = Info.plist; sourceTree = "<group>"; };
		12FD3A4720ED79C600FB0B55 /* FakeSnapChatTests.xctest */ = {isa = PBXFileReference; explicitFileType = wrapper.cfbundle; includeInIndex = 0; path = FakeSnapChatTests.xctest; sourceTree = BUILT_PRODUCTS_DIR; };
		12FD3A4B20ED79C600FB0B55 /* FakeSnapChatTests.swift */ = {isa = PBXFileReference; lastKnownFileType = sourcecode.swift; path = FakeSnapChatTests.swift; sourceTree = "<group>"; };
		12FD3A4D20ED79C600FB0B55 /* Info.plist */ = {isa = PBXFileReference; lastKnownFileType = text.plist.xml; path = Info.plist; sourceTree = "<group>"; };
		12FD3A5220ED79C600FB0B55 /* FakeSnapChatUITests.xctest */ = {isa = PBXFileReference; explicitFileType = wrapper.cfbundle; includeInIndex = 0; path = FakeSnapChatUITests.xctest; sourceTree = BUILT_PRODUCTS_DIR; };
		12FD3A5620ED79C600FB0B55 /* FakeSnapChatUITests.swift */ = {isa = PBXFileReference; lastKnownFileType = sourcecode.swift; path = FakeSnapChatUITests.swift; sourceTree = "<group>"; };
		12FD3A5820ED79C600FB0B55 /* Info.plist */ = {isa = PBXFileReference; lastKnownFileType = text.plist.xml; path = Info.plist; sourceTree = "<group>"; };
		3071AFCCD916CCE350C0E0FC /* Pods-FakeSnapChatUITests.debug.xcconfig */ = {isa = PBXFileReference; includeInIndex = 1; lastKnownFileType = text.xcconfig; name = "Pods-FakeSnapChatUITests.debug.xcconfig"; path = "Pods/Target Support Files/Pods-FakeSnapChatUITests/Pods-FakeSnapChatUITests.debug.xcconfig"; sourceTree = "<group>"; };
		3DB32A2A142D60B5E0D10B48 /* Pods_FakeSnapChatTests.framework */ = {isa = PBXFileReference; explicitFileType = wrapper.framework; includeInIndex = 0; path = Pods_FakeSnapChatTests.framework; sourceTree = BUILT_PRODUCTS_DIR; };
		44447EAD822A812CF54B0F5C /* Pods-FakeSnapChat.release.xcconfig */ = {isa = PBXFileReference; includeInIndex = 1; lastKnownFileType = text.xcconfig; name = "Pods-FakeSnapChat.release.xcconfig"; path = "Pods/Target Support Files/Pods-FakeSnapChat/Pods-FakeSnapChat.release.xcconfig"; sourceTree = "<group>"; };
		63CC172508DCF91B608C9CFD /* Pods-FakeSnapChat.debug.xcconfig */ = {isa = PBXFileReference; includeInIndex = 1; lastKnownFileType = text.xcconfig; name = "Pods-FakeSnapChat.debug.xcconfig"; path = "Pods/Target Support Files/Pods-FakeSnapChat/Pods-FakeSnapChat.debug.xcconfig"; sourceTree = "<group>"; };
		68D835FCA5689270B4E8EF88 /* Pods_FakeSnapChatUITests.framework */ = {isa = PBXFileReference; explicitFileType = wrapper.framework; includeInIndex = 0; path = Pods_FakeSnapChatUITests.framework; sourceTree = BUILT_PRODUCTS_DIR; };
		8381ED877244806983DAED15 /* Pods-FakeSnapChatTests.debug.xcconfig */ = {isa = PBXFileReference; includeInIndex = 1; lastKnownFileType = text.xcconfig; name = "Pods-FakeSnapChatTests.debug.xcconfig"; path = "Pods/Target Support Files/Pods-FakeSnapChatTests/Pods-FakeSnapChatTests.debug.xcconfig"; sourceTree = "<group>"; };
		C333F64FEDB3BB45B38096D0 /* Pods-FakeSnapChatUITests.release.xcconfig */ = {isa = PBXFileReference; includeInIndex = 1; lastKnownFileType = text.xcconfig; name = "Pods-FakeSnapChatUITests.release.xcconfig"; path = "Pods/Target Support Files/Pods-FakeSnapChatUITests/Pods-FakeSnapChatUITests.release.xcconfig"; sourceTree = "<group>"; };
/* End PBXFileReference section */

/* Begin PBXFrameworksBuildPhase section */
		12FD3A2D20ED79C500FB0B55 /* Frameworks */ = {
			isa = PBXFrameworksBuildPhase;
			buildActionMask = 2147483647;
			files = (
				006391CC3CBA0CF7F854B02F /* Pods_FakeSnapChat.framework in Frameworks */,
			);
			runOnlyForDeploymentPostprocessing = 0;
		};
		12FD3A4420ED79C600FB0B55 /* Frameworks */ = {
			isa = PBXFrameworksBuildPhase;
			buildActionMask = 2147483647;
			files = (
				DA171BB76B52F0BE4AF6E04C /* Pods_FakeSnapChatTests.framework in Frameworks */,
			);
			runOnlyForDeploymentPostprocessing = 0;
		};
		12FD3A4F20ED79C600FB0B55 /* Frameworks */ = {
			isa = PBXFrameworksBuildPhase;
			buildActionMask = 2147483647;
			files = (
				B8220AC47D48F178C947E1C9 /* Pods_FakeSnapChatUITests.framework in Frameworks */,
			);
			runOnlyForDeploymentPostprocessing = 0;
		};
/* End PBXFrameworksBuildPhase section */

/* Begin PBXGroup section */
		12BF974A20F2BA59003A5510 /* ViewControllers */ = {
			isa = PBXGroup;
			children = (
				12FD3A3320ED79C500FB0B55 /* AppDelegate.swift */,
				12FD3A3520ED79C500FB0B55 /* SignInViewController.swift */,
				12BF974220F0417C003A5510 /* PhotoViewController.swift */,
				12BF974020F0139B003A5510 /* SnapsViewController.swift */,
				12BF974620F29FFE003A5510 /* SelectUserViewController.swift */,
			);
			path = ViewControllers;
			sourceTree = "<group>";
		};
		12BF974B20F2BA6F003A5510 /* model */ = {
			isa = PBXGroup;
			children = (
				12BF974820F2BA34003A5510 /* User.swift */,
			);
			path = model;
			sourceTree = "<group>";
		};
		12FD3A2720ED79C500FB0B55 = {
			isa = PBXGroup;
			children = (
				12FD3A3220ED79C500FB0B55 /* FakeSnapChat */,
				12FD3A4A20ED79C600FB0B55 /* FakeSnapChatTests */,
				12FD3A5520ED79C600FB0B55 /* FakeSnapChatUITests */,
				12FD3A3120ED79C500FB0B55 /* Products */,
				C15BF8A6D7E3A3C81C7F3864 /* Pods */,
				8BA8EB5FD465924EC81E27E0 /* Frameworks */,
			);
			sourceTree = "<group>";
		};
		12FD3A3120ED79C500FB0B55 /* Products */ = {
			isa = PBXGroup;
			children = (
				12FD3A3020ED79C500FB0B55 /* FakeSnapChat.app */,
				12FD3A4720ED79C600FB0B55 /* FakeSnapChatTests.xctest */,
				12FD3A5220ED79C600FB0B55 /* FakeSnapChatUITests.xctest */,
			);
			name = Products;
			sourceTree = "<group>";
		};
		12FD3A3220ED79C500FB0B55 /* FakeSnapChat */ = {
			isa = PBXGroup;
			children = (
				12BF974B20F2BA6F003A5510 /* model */,
				12BF974A20F2BA59003A5510 /* ViewControllers */,
				12FD3A3720ED79C500FB0B55 /* Main.storyboard */,
				12FD3A3F20ED79C600FB0B55 /* LaunchScreen.storyboard */,
				12FD3A3D20ED79C600FB0B55 /* Assets.xcassets */,
				12FD3A4220ED79C600FB0B55 /* Info.plist */,
				12FD3A3A20ED79C500FB0B55 /* FakeSnapChat.xcdatamodeld */,
				12B68E6F20F00353004DD4CF /* GoogleService-Info.plist */,
			);
			path = FakeSnapChat;
			sourceTree = "<group>";
		};
		12FD3A4A20ED79C600FB0B55 /* FakeSnapChatTests */ = {
			isa = PBXGroup;
			children = (
				12FD3A4B20ED79C600FB0B55 /* FakeSnapChatTests.swift */,
				12FD3A4D20ED79C600FB0B55 /* Info.plist */,
			);
			path = FakeSnapChatTests;
			sourceTree = "<group>";
		};
		12FD3A5520ED79C600FB0B55 /* FakeSnapChatUITests */ = {
			isa = PBXGroup;
			children = (
				12FD3A5620ED79C600FB0B55 /* FakeSnapChatUITests.swift */,
				12FD3A5820ED79C600FB0B55 /* Info.plist */,
			);
			path = FakeSnapChatUITests;
			sourceTree = "<group>";
		};
		8BA8EB5FD465924EC81E27E0 /* Frameworks */ = {
			isa = PBXGroup;
			children = (
				107FB9F3C3DFB28BD29C686D /* Pods_FakeSnapChat.framework */,
				3DB32A2A142D60B5E0D10B48 /* Pods_FakeSnapChatTests.framework */,
				68D835FCA5689270B4E8EF88 /* Pods_FakeSnapChatUITests.framework */,
			);
			name = Frameworks;
			sourceTree = "<group>";
		};
		C15BF8A6D7E3A3C81C7F3864 /* Pods */ = {
			isa = PBXGroup;
			children = (
				63CC172508DCF91B608C9CFD /* Pods-FakeSnapChat.debug.xcconfig */,
				44447EAD822A812CF54B0F5C /* Pods-FakeSnapChat.release.xcconfig */,
				8381ED877244806983DAED15 /* Pods-FakeSnapChatTests.debug.xcconfig */,
				05E5D8E4D5A8FE2A609A76DE /* Pods-FakeSnapChatTests.release.xcconfig */,
				3071AFCCD916CCE350C0E0FC /* Pods-FakeSnapChatUITests.debug.xcconfig */,
				C333F64FEDB3BB45B38096D0 /* Pods-FakeSnapChatUITests.release.xcconfig */,
			);
			name = Pods;
			sourceTree = "<group>";
		};
/* End PBXGroup section */

/* Begin PBXNativeTarget section */
		12FD3A2F20ED79C500FB0B55 /* FakeSnapChat */ = {
			isa = PBXNativeTarget;
			buildConfigurationList = 12FD3A5B20ED79C600FB0B55 /* Build configuration list for PBXNativeTarget "FakeSnapChat" */;
			buildPhases = (
				56B7D58A371ECF091450508E /* [CP] Check Pods Manifest.lock */,
				12FD3A2C20ED79C500FB0B55 /* Sources */,
				12FD3A2D20ED79C500FB0B55 /* Frameworks */,
				12FD3A2E20ED79C500FB0B55 /* Resources */,
				7ADA2B2A9E6A9572AFC0AABF /* [CP] Embed Pods Frameworks */,
			);
			buildRules = (
			);
			dependencies = (
			);
			name = FakeSnapChat;
			productName = FakeSnapChat;
			productReference = 12FD3A3020ED79C500FB0B55 /* FakeSnapChat.app */;
			productType = "com.apple.product-type.application";
		};
		12FD3A4620ED79C600FB0B55 /* FakeSnapChatTests */ = {
			isa = PBXNativeTarget;
			buildConfigurationList = 12FD3A5E20ED79C600FB0B55 /* Build configuration list for PBXNativeTarget "FakeSnapChatTests" */;
			buildPhases = (
				01C770E52B370AF453CA114E /* [CP] Check Pods Manifest.lock */,
				12FD3A4320ED79C600FB0B55 /* Sources */,
				12FD3A4420ED79C600FB0B55 /* Frameworks */,
				12FD3A4520ED79C600FB0B55 /* Resources */,
			);
			buildRules = (
			);
			dependencies = (
				12FD3A4920ED79C600FB0B55 /* PBXTargetDependency */,
			);
			name = FakeSnapChatTests;
			productName = FakeSnapChatTests;
			productReference = 12FD3A4720ED79C600FB0B55 /* FakeSnapChatTests.xctest */;
			productType = "com.apple.product-type.bundle.unit-test";
		};
		12FD3A5120ED79C600FB0B55 /* FakeSnapChatUITests */ = {
			isa = PBXNativeTarget;
			buildConfigurationList = 12FD3A6120ED79C600FB0B55 /* Build configuration list for PBXNativeTarget "FakeSnapChatUITests" */;
			buildPhases = (
				56DF51A2729F8BF1188F4F93 /* [CP] Check Pods Manifest.lock */,
				12FD3A4E20ED79C600FB0B55 /* Sources */,
				12FD3A4F20ED79C600FB0B55 /* Frameworks */,
				12FD3A5020ED79C600FB0B55 /* Resources */,
			);
			buildRules = (
			);
			dependencies = (
				12FD3A5420ED79C600FB0B55 /* PBXTargetDependency */,
			);
			name = FakeSnapChatUITests;
			productName = FakeSnapChatUITests;
			productReference = 12FD3A5220ED79C600FB0B55 /* FakeSnapChatUITests.xctest */;
			productType = "com.apple.product-type.bundle.ui-testing";
		};
/* End PBXNativeTarget section */

/* Begin PBXProject section */
		12FD3A2820ED79C500FB0B55 /* Project object */ = {
			isa = PBXProject;
			attributes = {
				LastSwiftUpdateCheck = 0940;
				LastUpgradeCheck = 0940;
				ORGANIZATIONNAME = "Michael Zhou";
				TargetAttributes = {
					12FD3A2F20ED79C500FB0B55 = {
						CreatedOnToolsVersion = 9.4.1;
					};
					12FD3A4620ED79C600FB0B55 = {
						CreatedOnToolsVersion = 9.4.1;
						TestTargetID = 12FD3A2F20ED79C500FB0B55;
					};
					12FD3A5120ED79C600FB0B55 = {
						CreatedOnToolsVersion = 9.4.1;
						TestTargetID = 12FD3A2F20ED79C500FB0B55;
					};
				};
			};
			buildConfigurationList = 12FD3A2B20ED79C500FB0B55 /* Build configuration list for PBXProject "FakeSnapChat" */;
			compatibilityVersion = "Xcode 9.3";
			developmentRegion = en;
			hasScannedForEncodings = 0;
			knownRegions = (
				en,
				Base,
			);
			mainGroup = 12FD3A2720ED79C500FB0B55;
			productRefGroup = 12FD3A3120ED79C500FB0B55 /* Products */;
			projectDirPath = "";
			projectRoot = "";
			targets = (
				12FD3A2F20ED79C500FB0B55 /* FakeSnapChat */,
				12FD3A4620ED79C600FB0B55 /* FakeSnapChatTests */,
				12FD3A5120ED79C600FB0B55 /* FakeSnapChatUITests */,
			);
		};
/* End PBXProject section */

/* Begin PBXResourcesBuildPhase section */
		12FD3A2E20ED79C500FB0B55 /* Resources */ = {
			isa = PBXResourcesBuildPhase;
			buildActionMask = 2147483647;
			files = (
				12FD3A4120ED79C600FB0B55 /* LaunchScreen.storyboard in Resources */,
				12B68E7020F00354004DD4CF /* GoogleService-Info.plist in Resources */,
				12FD3A3E20ED79C600FB0B55 /* Assets.xcassets in Resources */,
				12FD3A3920ED79C500FB0B55 /* Main.storyboard in Resources */,
			);
			runOnlyForDeploymentPostprocessing = 0;
		};
		12FD3A4520ED79C600FB0B55 /* Resources */ = {
			isa = PBXResourcesBuildPhase;
			buildActionMask = 2147483647;
			files = (
			);
			runOnlyForDeploymentPostprocessing = 0;
		};
		12FD3A5020ED79C600FB0B55 /* Resources */ = {
			isa = PBXResourcesBuildPhase;
			buildActionMask = 2147483647;
			files = (
			);
			runOnlyForDeploymentPostprocessing = 0;
		};
/* End PBXResourcesBuildPhase section */

/* Begin PBXShellScriptBuildPhase section */
		01C770E52B370AF453CA114E /* [CP] Check Pods Manifest.lock */ = {
			isa = PBXShellScriptBuildPhase;
			buildActionMask = 2147483647;
			files = (
			);
			inputPaths = (
				"${PODS_PODFILE_DIR_PATH}/Podfile.lock",
				"${PODS_ROOT}/Manifest.lock",
			);
			name = "[CP] Check Pods Manifest.lock";
			outputPaths = (
				"$(DERIVED_FILE_DIR)/Pods-FakeSnapChatTests-checkManifestLockResult.txt",
			);
			runOnlyForDeploymentPostprocessing = 0;
			shellPath = /bin/sh;
			shellScript = "diff \"${PODS_PODFILE_DIR_PATH}/Podfile.lock\" \"${PODS_ROOT}/Manifest.lock\" > /dev/null\nif [ $? != 0 ] ; then\n    # print error to STDERR\n    echo \"error: The sandbox is not in sync with the Podfile.lock. Run 'pod install' or update your CocoaPods installation.\" >&2\n    exit 1\nfi\n# This output is used by Xcode 'outputs' to avoid re-running this script phase.\necho \"SUCCESS\" > \"${SCRIPT_OUTPUT_FILE_0}\"\n";
			showEnvVarsInLog = 0;
		};
		56B7D58A371ECF091450508E /* [CP] Check Pods Manifest.lock */ = {
			isa = PBXShellScriptBuildPhase;
			buildActionMask = 2147483647;
			files = (
			);
			inputPaths = (
				"${PODS_PODFILE_DIR_PATH}/Podfile.lock",
				"${PODS_ROOT}/Manifest.lock",
			);
			name = "[CP] Check Pods Manifest.lock";
			outputPaths = (
				"$(DERIVED_FILE_DIR)/Pods-FakeSnapChat-checkManifestLockResult.txt",
			);
			runOnlyForDeploymentPostprocessing = 0;
			shellPath = /bin/sh;
			shellScript = "diff \"${PODS_PODFILE_DIR_PATH}/Podfile.lock\" \"${PODS_ROOT}/Manifest.lock\" > /dev/null\nif [ $? != 0 ] ; then\n    # print error to STDERR\n    echo \"error: The sandbox is not in sync with the Podfile.lock. Run 'pod install' or update your CocoaPods installation.\" >&2\n    exit 1\nfi\n# This output is used by Xcode 'outputs' to avoid re-running this script phase.\necho \"SUCCESS\" > \"${SCRIPT_OUTPUT_FILE_0}\"\n";
			showEnvVarsInLog = 0;
		};
		56DF51A2729F8BF1188F4F93 /* [CP] Check Pods Manifest.lock */ = {
			isa = PBXShellScriptBuildPhase;
			buildActionMask = 2147483647;
			files = (
			);
			inputPaths = (
				"${PODS_PODFILE_DIR_PATH}/Podfile.lock",
				"${PODS_ROOT}/Manifest.lock",
			);
			name = "[CP] Check Pods Manifest.lock";
			outputPaths = (
				"$(DERIVED_FILE_DIR)/Pods-FakeSnapChatUITests-checkManifestLockResult.txt",
			);
			runOnlyForDeploymentPostprocessing = 0;
			shellPath = /bin/sh;
			shellScript = "diff \"${PODS_PODFILE_DIR_PATH}/Podfile.lock\" \"${PODS_ROOT}/Manifest.lock\" > /dev/null\nif [ $? != 0 ] ; then\n    # print error to STDERR\n    echo \"error: The sandbox is not in sync with the Podfile.lock. Run 'pod install' or update your CocoaPods installation.\" >&2\n    exit 1\nfi\n# This output is used by Xcode 'outputs' to avoid re-running this script phase.\necho \"SUCCESS\" > \"${SCRIPT_OUTPUT_FILE_0}\"\n";
			showEnvVarsInLog = 0;
		};
		7ADA2B2A9E6A9572AFC0AABF /* [CP] Embed Pods Frameworks */ = {
			isa = PBXShellScriptBuildPhase;
			buildActionMask = 2147483647;
			files = (
			);
			inputPaths = (
				"${SRCROOT}/Pods/Target Support Files/Pods-FakeSnapChat/Pods-FakeSnapChat-frameworks.sh",
				"${BUILT_PRODUCTS_DIR}/GTMSessionFetcher/GTMSessionFetcher.framework",
				"${BUILT_PRODUCTS_DIR}/GoogleToolboxForMac/GoogleToolboxForMac.framework",
				"${BUILT_PRODUCTS_DIR}/leveldb-library/leveldb.framework",
				"${BUILT_PRODUCTS_DIR}/nanopb/nanopb.framework",
			);
			name = "[CP] Embed Pods Frameworks";
			outputPaths = (
				"${TARGET_BUILD_DIR}/${FRAMEWORKS_FOLDER_PATH}/GTMSessionFetcher.framework",
				"${TARGET_BUILD_DIR}/${FRAMEWORKS_FOLDER_PATH}/GoogleToolboxForMac.framework",
				"${TARGET_BUILD_DIR}/${FRAMEWORKS_FOLDER_PATH}/leveldb.framework",
				"${TARGET_BUILD_DIR}/${FRAMEWORKS_FOLDER_PATH}/nanopb.framework",
			);
			runOnlyForDeploymentPostprocessing = 0;
			shellPath = /bin/sh;
			shellScript = "\"${SRCROOT}/Pods/Target Support Files/Pods-FakeSnapChat/Pods-FakeSnapChat-frameworks.sh\"\n";
			showEnvVarsInLog = 0;
		};
/* End PBXShellScriptBuildPhase section */

/* Begin PBXSourcesBuildPhase section */
		12FD3A2C20ED79C500FB0B55 /* Sources */ = {
			isa = PBXSourcesBuildPhase;
			buildActionMask = 2147483647;
			files = (
				12BF974120F0139B003A5510 /* SnapsViewController.swift in Sources */,
				12FD3A3C20ED79C500FB0B55 /* FakeSnapChat.xcdatamodeld in Sources */,
				12FD3A3620ED79C500FB0B55 /* SignInViewController.swift in Sources */,
				12BF974720F29FFE003A5510 /* SelectUserViewController.swift in Sources */,
				12FD3A3420ED79C500FB0B55 /* AppDelegate.swift in Sources */,
				12BF974320F0417C003A5510 /* PhotoViewController.swift in Sources */,
				12BF974920F2BA34003A5510 /* User.swift in Sources */,
			);
			runOnlyForDeploymentPostprocessing = 0;
		};
		12FD3A4320ED79C600FB0B55 /* Sources */ = {
			isa = PBXSourcesBuildPhase;
			buildActionMask = 2147483647;
			files = (
				12FD3A4C20ED79C600FB0B55 /* FakeSnapChatTests.swift in Sources */,
			);
			runOnlyForDeploymentPostprocessing = 0;
		};
		12FD3A4E20ED79C600FB0B55 /* Sources */ = {
			isa = PBXSourcesBuildPhase;
			buildActionMask = 2147483647;
			files = (
				12FD3A5720ED79C600FB0B55 /* FakeSnapChatUITests.swift in Sources */,
			);
			runOnlyForDeploymentPostprocessing = 0;
		};
/* End PBXSourcesBuildPhase section */

/* Begin PBXTargetDependency section */
		12FD3A4920ED79C600FB0B55 /* PBXTargetDependency */ = {
			isa = PBXTargetDependency;
			target = 12FD3A2F20ED79C500FB0B55 /* FakeSnapChat */;
			targetProxy = 12FD3A4820ED79C600FB0B55 /* PBXContainerItemProxy */;
		};
		12FD3A5420ED79C600FB0B55 /* PBXTargetDependency */ = {
			isa = PBXTargetDependency;
			target = 12FD3A2F20ED79C500FB0B55 /* FakeSnapChat */;
			targetProxy = 12FD3A5320ED79C600FB0B55 /* PBXContainerItemProxy */;
		};
/* End PBXTargetDependency section */

/* Begin PBXVariantGroup section */
		12FD3A3720ED79C500FB0B55 /* Main.storyboard */ = {
			isa = PBXVariantGroup;
			children = (
				12FD3A3820ED79C500FB0B55 /* Base */,
			);
			name = Main.storyboard;
			sourceTree = "<group>";
		};
		12FD3A3F20ED79C600FB0B55 /* LaunchScreen.storyboard */ = {
			isa = PBXVariantGroup;
			children = (
				12FD3A4020ED79C600FB0B55 /* Base */,
			);
			name = LaunchScreen.storyboard;
			sourceTree = "<group>";
		};
/* End PBXVariantGroup section */

/* Begin XCBuildConfiguration section */
		12FD3A5920ED79C600FB0B55 /* Debug */ = {
			isa = XCBuildConfiguration;
			buildSettings = {
				ALWAYS_SEARCH_USER_PATHS = NO;
				CLANG_ANALYZER_NONNULL = YES;
				CLANG_ANALYZER_NUMBER_OBJECT_CONVERSION = YES_AGGRESSIVE;
				CLANG_CXX_LANGUAGE_STANDARD = "gnu++14";
				CLANG_CXX_LIBRARY = "libc++";
				CLANG_ENABLE_MODULES = YES;
				CLANG_ENABLE_OBJC_ARC = YES;
				CLANG_ENABLE_OBJC_WEAK = YES;
				CLANG_WARN_BLOCK_CAPTURE_AUTORELEASING = YES;
				CLANG_WARN_BOOL_CONVERSION = YES;
				CLANG_WARN_COMMA = YES;
				CLANG_WARN_CONSTANT_CONVERSION = YES;
				CLANG_WARN_DEPRECATED_OBJC_IMPLEMENTATIONS = YES;
				CLANG_WARN_DIRECT_OBJC_ISA_USAGE = YES_ERROR;
				CLANG_WARN_DOCUMENTATION_COMMENTS = YES;
				CLANG_WARN_EMPTY_BODY = YES;
				CLANG_WARN_ENUM_CONVERSION = YES;
				CLANG_WARN_INFINITE_RECURSION = YES;
				CLANG_WARN_INT_CONVERSION = YES;
				CLANG_WARN_NON_LITERAL_NULL_CONVERSION = YES;
				CLANG_WARN_OBJC_IMPLICIT_RETAIN_SELF = YES;
				CLANG_WARN_OBJC_LITERAL_CONVERSION = YES;
				CLANG_WARN_OBJC_ROOT_CLASS = YES_ERROR;
				CLANG_WARN_RANGE_LOOP_ANALYSIS = YES;
				CLANG_WARN_STRICT_PROTOTYPES = YES;
				CLANG_WARN_SUSPICIOUS_MOVE = YES;
				CLANG_WARN_UNGUARDED_AVAILABILITY = YES_AGGRESSIVE;
				CLANG_WARN_UNREACHABLE_CODE = YES;
				CLANG_WARN__DUPLICATE_METHOD_MATCH = YES;
				CODE_SIGN_IDENTITY = "iPhone Developer";
				COPY_PHASE_STRIP = NO;
				DEBUG_INFORMATION_FORMAT = dwarf;
				ENABLE_STRICT_OBJC_MSGSEND = YES;
				ENABLE_TESTABILITY = YES;
				GCC_C_LANGUAGE_STANDARD = gnu11;
				GCC_DYNAMIC_NO_PIC = NO;
				GCC_NO_COMMON_BLOCKS = YES;
				GCC_OPTIMIZATION_LEVEL = 0;
				GCC_PREPROCESSOR_DEFINITIONS = (
					"DEBUG=1",
					"$(inherited)",
				);
				GCC_WARN_64_TO_32_BIT_CONVERSION = YES;
				GCC_WARN_ABOUT_RETURN_TYPE = YES_ERROR;
				GCC_WARN_UNDECLARED_SELECTOR = YES;
				GCC_WARN_UNINITIALIZED_AUTOS = YES_AGGRESSIVE;
				GCC_WARN_UNUSED_FUNCTION = YES;
				GCC_WARN_UNUSED_VARIABLE = YES;
				IPHONEOS_DEPLOYMENT_TARGET = 11.4;
				MTL_ENABLE_DEBUG_INFO = YES;
				ONLY_ACTIVE_ARCH = YES;
				SDKROOT = iphoneos;
				SWIFT_ACTIVE_COMPILATION_CONDITIONS = DEBUG;
				SWIFT_OPTIMIZATION_LEVEL = "-Onone";
			};
			name = Debug;
		};
		12FD3A5A20ED79C600FB0B55 /* Release */ = {
			isa = XCBuildConfiguration;
			buildSettings = {
				ALWAYS_SEARCH_USER_PATHS = NO;
				CLANG_ANALYZER_NONNULL = YES;
				CLANG_ANALYZER_NUMBER_OBJECT_CONVERSION = YES_AGGRESSIVE;
				CLANG_CXX_LANGUAGE_STANDARD = "gnu++14";
				CLANG_CXX_LIBRARY = "libc++";
				CLANG_ENABLE_MODULES = YES;
				CLANG_ENABLE_OBJC_ARC = YES;
				CLANG_ENABLE_OBJC_WEAK = YES;
				CLANG_WARN_BLOCK_CAPTURE_AUTORELEASING = YES;
				CLANG_WARN_BOOL_CONVERSION = YES;
				CLANG_WARN_COMMA = YES;
				CLANG_WARN_CONSTANT_CONVERSION = YES;
				CLANG_WARN_DEPRECATED_OBJC_IMPLEMENTATIONS = YES;
				CLANG_WARN_DIRECT_OBJC_ISA_USAGE = YES_ERROR;
				CLANG_WARN_DOCUMENTATION_COMMENTS = YES;
				CLANG_WARN_EMPTY_BODY = YES;
				CLANG_WARN_ENUM_CONVERSION = YES;
				CLANG_WARN_INFINITE_RECURSION = YES;
				CLANG_WARN_INT_CONVERSION = YES;
				CLANG_WARN_NON_LITERAL_NULL_CONVERSION = YES;
				CLANG_WARN_OBJC_IMPLICIT_RETAIN_SELF = YES;
				CLANG_WARN_OBJC_LITERAL_CONVERSION = YES;
				CLANG_WARN_OBJC_ROOT_CLASS = YES_ERROR;
				CLANG_WARN_RANGE_LOOP_ANALYSIS = YES;
				CLANG_WARN_STRICT_PROTOTYPES = YES;
				CLANG_WARN_SUSPICIOUS_MOVE = YES;
				CLANG_WARN_UNGUARDED_AVAILABILITY = YES_AGGRESSIVE;
				CLANG_WARN_UNREACHABLE_CODE = YES;
				CLANG_WARN__DUPLICATE_METHOD_MATCH = YES;
				CODE_SIGN_IDENTITY = "iPhone Developer";
				COPY_PHASE_STRIP = NO;
				DEBUG_INFORMATION_FORMAT = "dwarf-with-dsym";
				ENABLE_NS_ASSERTIONS = NO;
				ENABLE_STRICT_OBJC_MSGSEND = YES;
				GCC_C_LANGUAGE_STANDARD = gnu11;
				GCC_NO_COMMON_BLOCKS = YES;
				GCC_WARN_64_TO_32_BIT_CONVERSION = YES;
				GCC_WARN_ABOUT_RETURN_TYPE = YES_ERROR;
				GCC_WARN_UNDECLARED_SELECTOR = YES;
				GCC_WARN_UNINITIALIZED_AUTOS = YES_AGGRESSIVE;
				GCC_WARN_UNUSED_FUNCTION = YES;
				GCC_WARN_UNUSED_VARIABLE = YES;
				IPHONEOS_DEPLOYMENT_TARGET = 11.4;
				MTL_ENABLE_DEBUG_INFO = NO;
				SDKROOT = iphoneos;
				SWIFT_COMPILATION_MODE = wholemodule;
				SWIFT_OPTIMIZATION_LEVEL = "-O";
				VALIDATE_PRODUCT = YES;
			};
			name = Release;
		};
		12FD3A5C20ED79C600FB0B55 /* Debug */ = {
			isa = XCBuildConfiguration;
			baseConfigurationReference = 63CC172508DCF91B608C9CFD /* Pods-FakeSnapChat.debug.xcconfig */;
			buildSettings = {
				ASSETCATALOG_COMPILER_APPICON_NAME = AppIcon;
				CODE_SIGN_STYLE = Automatic;
				INFOPLIST_FILE = FakeSnapChat/Info.plist;
				LD_RUNPATH_SEARCH_PATHS = (
					"$(inherited)",
					"@executable_path/Frameworks",
				);
				PRODUCT_BUNDLE_IDENTIFIER = mzhou.FakeSnapChat;
				PRODUCT_NAME = "$(TARGET_NAME)";
				SWIFT_VERSION = 4.0;
				TARGETED_DEVICE_FAMILY = "1,2";
			};
			name = Debug;
		};
		12FD3A5D20ED79C600FB0B55 /* Release */ = {
			isa = XCBuildConfiguration;
			baseConfigurationReference = 44447EAD822A812CF54B0F5C /* Pods-FakeSnapChat.release.xcconfig */;
			buildSettings = {
				ASSETCATALOG_COMPILER_APPICON_NAME = AppIcon;
				CODE_SIGN_STYLE = Automatic;
				INFOPLIST_FILE = FakeSnapChat/Info.plist;
				LD_RUNPATH_SEARCH_PATHS = (
					"$(inherited)",
					"@executable_path/Frameworks",
				);
				PRODUCT_BUNDLE_IDENTIFIER = mzhou.FakeSnapChat;
				PRODUCT_NAME = "$(TARGET_NAME)";
				SWIFT_VERSION = 4.0;
				TARGETED_DEVICE_FAMILY = "1,2";
			};
			name = Release;
		};
		12FD3A5F20ED79C600FB0B55 /* Debug */ = {
			isa = XCBuildConfiguration;
			baseConfigurationReference = 8381ED877244806983DAED15 /* Pods-FakeSnapChatTests.debug.xcconfig */;
			buildSettings = {
				ALWAYS_EMBED_SWIFT_STANDARD_LIBRARIES = YES;
				BUNDLE_LOADER = "$(TEST_HOST)";
				CODE_SIGN_STYLE = Automatic;
				INFOPLIST_FILE = FakeSnapChatTests/Info.plist;
				LD_RUNPATH_SEARCH_PATHS = (
					"$(inherited)",
					"@executable_path/Frameworks",
					"@loader_path/Frameworks",
				);
				PRODUCT_BUNDLE_IDENTIFIER = mzhou.FakeSnapChatTests;
				PRODUCT_NAME = "$(TARGET_NAME)";
				SWIFT_VERSION = 4.0;
				TARGETED_DEVICE_FAMILY = "1,2";
				TEST_HOST = "$(BUILT_PRODUCTS_DIR)/FakeSnapChat.app/FakeSnapChat";
			};
			name = Debug;
		};
		12FD3A6020ED79C600FB0B55 /* Release */ = {
			isa = XCBuildConfiguration;
			baseConfigurationReference = 05E5D8E4D5A8FE2A609A76DE /* Pods-FakeSnapChatTests.release.xcconfig */;
			buildSettings = {
				ALWAYS_EMBED_SWIFT_STANDARD_LIBRARIES = YES;
				BUNDLE_LOADER = "$(TEST_HOST)";
				CODE_SIGN_STYLE = Automatic;
				INFOPLIST_FILE = FakeSnapChatTests/Info.plist;
				LD_RUNPATH_SEARCH_PATHS = (
					"$(inherited)",
					"@executable_path/Frameworks",
					"@loader_path/Frameworks",
				);
				PRODUCT_BUNDLE_IDENTIFIER = mzhou.FakeSnapChatTests;
				PRODUCT_NAME = "$(TARGET_NAME)";
				SWIFT_VERSION = 4.0;
				TARGETED_DEVICE_FAMILY = "1,2";
				TEST_HOST = "$(BUILT_PRODUCTS_DIR)/FakeSnapChat.app/FakeSnapChat";
			};
			name = Release;
		};
		12FD3A6220ED79C600FB0B55 /* Debug */ = {
			isa = XCBuildConfiguration;
			baseConfigurationReference = 3071AFCCD916CCE350C0E0FC /* Pods-FakeSnapChatUITests.debug.xcconfig */;
			buildSettings = {
				ALWAYS_EMBED_SWIFT_STANDARD_LIBRARIES = YES;
				CODE_SIGN_STYLE = Automatic;
				INFOPLIST_FILE = FakeSnapChatUITests/Info.plist;
				LD_RUNPATH_SEARCH_PATHS = (
					"$(inherited)",
					"@executable_path/Frameworks",
					"@loader_path/Frameworks",
				);
				PRODUCT_BUNDLE_IDENTIFIER = mzhou.FakeSnapChatUITests;
				PRODUCT_NAME = "$(TARGET_NAME)";
				SWIFT_VERSION = 4.0;
				TARGETED_DEVICE_FAMILY = "1,2";
				TEST_TARGET_NAME = FakeSnapChat;
			};
			name = Debug;
		};
		12FD3A6320ED79C600FB0B55 /* Release */ = {
			isa = XCBuildConfiguration;
			baseConfigurationReference = C333F64FEDB3BB45B38096D0 /* Pods-FakeSnapChatUITests.release.xcconfig */;
			buildSettings = {
				ALWAYS_EMBED_SWIFT_STANDARD_LIBRARIES = YES;
				CODE_SIGN_STYLE = Automatic;
				INFOPLIST_FILE = FakeSnapChatUITests/Info.plist;
				LD_RUNPATH_SEARCH_PATHS = (
					"$(inherited)",
					"@executable_path/Frameworks",
					"@loader_path/Frameworks",
				);
				PRODUCT_BUNDLE_IDENTIFIER = mzhou.FakeSnapChatUITests;
				PRODUCT_NAME = "$(TARGET_NAME)";
				SWIFT_VERSION = 4.0;
				TARGETED_DEVICE_FAMILY = "1,2";
				TEST_TARGET_NAME = FakeSnapChat;
			};
			name = Release;
		};
/* End XCBuildConfiguration section */

/* Begin XCConfigurationList section */
		12FD3A2B20ED79C500FB0B55 /* Build configuration list for PBXProject "FakeSnapChat" */ = {
			isa = XCConfigurationList;
			buildConfigurations = (
				12FD3A5920ED79C600FB0B55 /* Debug */,
				12FD3A5A20ED79C600FB0B55 /* Release */,
			);
			defaultConfigurationIsVisible = 0;
			defaultConfigurationName = Release;
		};
		12FD3A5B20ED79C600FB0B55 /* Build configuration list for PBXNativeTarget "FakeSnapChat" */ = {
			isa = XCConfigurationList;
			buildConfigurations = (
				12FD3A5C20ED79C600FB0B55 /* Debug */,
				12FD3A5D20ED79C600FB0B55 /* Release */,
			);
			defaultConfigurationIsVisible = 0;
			defaultConfigurationName = Release;
		};
		12FD3A5E20ED79C600FB0B55 /* Build configuration list for PBXNativeTarget "FakeSnapChatTests" */ = {
			isa = XCConfigurationList;
			buildConfigurations = (
				12FD3A5F20ED79C600FB0B55 /* Debug */,
				12FD3A6020ED79C600FB0B55 /* Release */,
			);
			defaultConfigurationIsVisible = 0;
			defaultConfigurationName = Release;
		};
		12FD3A6120ED79C600FB0B55 /* Build configuration list for PBXNativeTarget "FakeSnapChatUITests" */ = {
			isa = XCConfigurationList;
			buildConfigurations = (
				12FD3A6220ED79C600FB0B55 /* Debug */,
				12FD3A6320ED79C600FB0B55 /* Release */,
			);
			defaultConfigurationIsVisible = 0;
			defaultConfigurationName = Release;
		};
/* End XCConfigurationList section */

/* Begin XCVersionGroup section */
		12FD3A3A20ED79C500FB0B55 /* FakeSnapChat.xcdatamodeld */ = {
			isa = XCVersionGroup;
			children = (
				12FD3A3B20ED79C500FB0B55 /* FakeSnapChat.xcdatamodel */,
			);
			currentVersion = 12FD3A3B20ED79C500FB0B55 /* FakeSnapChat.xcdatamodel */;
			path = FakeSnapChat.xcdatamodeld;
			sourceTree = "<group>";
			versionGroupType = wrapper.xcdatamodel;
		};
/* End XCVersionGroup section */
	};
	rootObject = 12FD3A2820ED79C500FB0B55 /* Project object */;
}
